
Microsoft Visual Studio Solution File, Format Version 9.00
# Visual Studio 2005
Project("{FAE04EC0-301F-11D3-BF4B-00C04F79EFBC}") = "NCI.EasyObjects.MySql", "NCI.EasyObjects.MySql.csproj", "{00167804-7E05-4784-AC39-AE11EFEF6200}"
	ProjectSection(WebsiteProperties) = preProject
		Debug.AspNetCompiler.Debug = "True"
		Release.AspNetCompiler.Debug = "False"
	EndProjectSection
EndProject
Project("{FAE04EC0-301F-11D3-BF4B-00C04F79EFBC}") = "EasyObjectsQuickStart", "..\..\QuickStarts\CS\EasyObjectsQuickStart.csproj", "{C9E6022C-9FB3-4618-80E2-0F826581A255}"
	ProjectSection(WebsiteProperties) = preProject
		Debug.AspNetCompiler.Debug = "True"
		Release.AspNetCompiler.Debug = "False"
	EndProjectSection
EndProject
Project("{FAE04EC0-301F-11D3-BF4B-00C04F79EFBC}") = "MySql.Data.2005", "..\..\..\..\Program Files\MySQL\MySQL Connector Net 5.0.7\Driver\MySql.Data.2005.csproj", "{E9DF5ED1-4CBD-4226-B931-9A51610AC14D}"
	ProjectSection(WebsiteProperties) = preProject
		Debug.AspNetCompiler.Debug = "True"
		Release.AspNetCompiler.Debug = "False"
	EndProjectSection
EndProject
Project("{FAE04EC0-301F-11D3-BF4B-00C04F79EFBC}") = "Data", "..\..\..\EntLib3Src\App Blocks\Src\Data\Data.csproj", "{D349B6D8-992F-443F-BB57-57E50DD98794}"
	ProjectSection(WebsiteProperties) = preProject
		Debug.AspNetCompiler.Debug = "True"
		Release.AspNetCompiler.Debug = "False"
	EndProjectSection
EndProject
Project("{FAE04EC0-301F-11D3-BF4B-00C04F79EFBC}") = "EasyObjects", "..\..\..\EasyObjects20\src\EasyObjects.csproj", "{EA5A68DB-0F56-49B6-900D-586097FF6372}"
	ProjectSection(WebsiteProperties) = preProject
		Debug.AspNetCompiler.Debug = "True"
		Release.AspNetCompiler.Debug = "False"
	EndProjectSection
EndProject
Global
	GlobalSection(SourceCodeControl) = preSolution
		SccNumberOfProjects = 1
		SccProjectUniqueName0 = ..\\..\\..\\EasyObjects20\\src\\EasyObjects.csproj
		SccProjectName0 = \u0022$/EasyObjects20\u0022,\u0020OHBAAAAA
		SccLocalPath0 = ..\\..\\..\\EasyObjects20\\src
		SccProvider0 = MSSCCI:Microsoft\u0020Visual\u0020SourceSafe
	EndGlobalSection
	GlobalSection(SolutionConfigurationPlatforms) = preSolution
		Debug|Any CPU = Debug|Any CPU
		Debug|x86 = Debug|x86
		Release|Any CPU = Release|Any CPU
		Release|x86 = Release|x86
	EndGlobalSection
	GlobalSection(ProjectConfigurationPlatforms) = postSolution
		{00167804-7E05-4784-AC39-AE11EFEF6200}.Debug|Any CPU.ActiveCfg = Debug|Any CPU
		{00167804-7E05-4784-AC39-AE11EFEF6200}.Debug|Any CPU.Build.0 = Debug|Any CPU
		{00167804-7E05-4784-AC39-AE11EFEF6200}.Debug|x86.ActiveCfg = Debug|Any CPU
		{00167804-7E05-4784-AC39-AE11EFEF6200}.Release|Any CPU.ActiveCfg = Release|Any CPU
		{00167804-7E05-4784-AC39-AE11EFEF6200}.Release|Any CPU.Build.0 = Release|Any CPU
		{00167804-7E05-4784-AC39-AE11EFEF6200}.Release|x86.ActiveCfg = Release|Any CPU
		{C9E6022C-9FB3-4618-80E2-0F826581A255}.Debug|Any CPU.ActiveCfg = Debug|Any CPU
		{C9E6022C-9FB3-4618-80E2-0F826581A255}.Debug|Any CPU.Build.0 = Debug|Any CPU
		{C9E6022C-9FB3-4618-80E2-0F826581A255}.Debug|x86.ActiveCfg = Debug|Any CPU
		{C9E6022C-9FB3-4618-80E2-0F826581A255}.Release|Any CPU.ActiveCfg = Release|Any CPU
		{C9E6022C-9FB3-4618-80E2-0F826581A255}.Release|Any CPU.Build.0 = Release|Any CPU
		{C9E6022C-9FB3-4618-80E2-0F826581A255}.Release|x86.ActiveCfg = Release|Any CPU
		{E9DF5ED1-4CBD-4226-B931-9A51610AC14D}.Debug|Any CPU.ActiveCfg = Debug|Any CPU
		{E9DF5ED1-4CBD-4226-B931-9A51610AC14D}.Debug|Any CPU.Build.0 = Debug|Any CPU
		{E9DF5ED1-4CBD-4226-B931-9A51610AC14D}.Debug|x86.ActiveCfg = Debug|x86
		{E9DF5ED1-4CBD-4226-B931-9A51610AC14D}.Debug|x86.Build.0 = Debug|x86
		{E9DF5ED1-4CBD-4226-B931-9A51610AC14D}.Release|Any CPU.ActiveCfg = Release|Any CPU
		{E9DF5ED1-4CBD-4226-B931-9A51610AC14D}.Release|Any CPU.Build.0 = Release|Any CPU
		{E9DF5ED1-4CBD-4226-B931-9A51610AC14D}.Release|x86.ActiveCfg = Release|x86
		{E9DF5ED1-4CBD-4226-B931-9A51610AC14D}.Release|x86.Build.0 = Release|x86
		{D349B6D8-992F-443F-BB57-57E50DD98794}.Debug|Any CPU.ActiveCfg = Debug|Any CPU
		{D349B6D8-992F-443F-BB57-57E50DD98794}.Debug|Any CPU.Build.0 = Debug|Any CPU
		{D349B6D8-992F-443F-BB57-57E50DD98794}.Debug|x86.ActiveCfg = Debug|Any CPU
		{D349B6D8-992F-443F-BB57-57E50DD98794}.Release|Any CPU.ActiveCfg = Release|Any CPU
		{D349B6D8-992F-443F-BB57-57E50DD98794}.Release|Any CPU.Build.0 = Release|Any CPU
		{D349B6D8-992F-443F-BB57-57E50DD98794}.Release|x86.ActiveCfg = Release|Any CPU
		{EA5A68DB-0F56-49B6-900D-586097FF6372}.Debug|Any CPU.ActiveCfg = Debug|Any CPU
		{EA5A68DB-0F56-49B6-900D-586097FF6372}.Debug|Any CPU.Build.0 = Debug|Any CPU
		{EA5A68DB-0F56-49B6-900D-586097FF6372}.Debug|x86.ActiveCfg = Debug|Any CPU
		{EA5A68DB-0F56-49B6-900D-586097FF6372}.Release|Any CPU.ActiveCfg = Release|Any CPU
		{EA5A68DB-0F56-49B6-900D-586097FF6372}.Release|Any CPU.Build.0 = Release|Any CPU
		{EA5A68DB-0F56-49B6-900D-586097FF6372}.Release|x86.ActiveCfg = Release|Any CPU
	EndGlobalSection
	GlobalSection(SolutionProperties) = preSolution
		HideSolutionNode = FALSE
	EndGlobalSection
EndGlobal
