Microsoft Visual Studio Solution File, Format Version 9.00
# Visual Studio 2005
Project("{F184B08F-C81C-45F6-A57F-5ABD9991F28F}") = "EasyObjectsQuickStart", "EasyObjectsQuickStart.vbproj", "{1C8ABE6A-D43D-4971-83B2-CA7C9CEAC10F}"
EndProject
Project("{F184B08F-C81C-45F6-A57F-5ABD9991F28F}") = "PostBuildEvents", "PostBuildEvents.vbproj", "{48500409-9A91-44A0-B11B-CF8575F3F780}"
EndProject
Project("{FAE04EC0-301F-11D3-BF4B-00C04F79EFBC}") = "EasyObjects", "..\..\src\EasyObjects.csproj", "{EA5A68DB-0F56-49B6-900D-586097FF6372}"
EndProject
Global
	GlobalSection(SolutionConfigurationPlatforms) = preSolution
		Debug|Any CPU = Debug|Any CPU
		DebugLongRunningTests|Any CPU = DebugLongRunningTests|Any CPU
		DebugUnitTests|Any CPU = DebugUnitTests|Any CPU
		Release|Any CPU = Release|Any CPU
		ReleaseFinal|Any CPU = ReleaseFinal|Any CPU
		ReleaseUnitTests|Any CPU = ReleaseUnitTests|Any CPU
	EndGlobalSection
	GlobalSection(ProjectConfigurationPlatforms) = postSolution
		{1C8ABE6A-D43D-4971-83B2-CA7C9CEAC10F}.Debug|Any CPU.ActiveCfg = Debug|Any CPU
		{1C8ABE6A-D43D-4971-83B2-CA7C9CEAC10F}.Debug|Any CPU.Build.0 = Debug|Any CPU
		{1C8ABE6A-D43D-4971-83B2-CA7C9CEAC10F}.DebugLongRunningTests|Any CPU.ActiveCfg = Debug|Any CPU
		{1C8ABE6A-D43D-4971-83B2-CA7C9CEAC10F}.DebugLongRunningTests|Any CPU.Build.0 = Debug|Any CPU
		{1C8ABE6A-D43D-4971-83B2-CA7C9CEAC10F}.DebugUnitTests|Any CPU.ActiveCfg = Debug|Any CPU
		{1C8ABE6A-D43D-4971-83B2-CA7C9CEAC10F}.DebugUnitTests|Any CPU.Build.0 = Debug|Any CPU
		{1C8ABE6A-D43D-4971-83B2-CA7C9CEAC10F}.Release|Any CPU.ActiveCfg = Release|Any CPU
		{1C8ABE6A-D43D-4971-83B2-CA7C9CEAC10F}.Release|Any CPU.Build.0 = Release|Any CPU
		{1C8ABE6A-D43D-4971-83B2-CA7C9CEAC10F}.ReleaseFinal|Any CPU.ActiveCfg = Release|Any CPU
		{1C8ABE6A-D43D-4971-83B2-CA7C9CEAC10F}.ReleaseFinal|Any CPU.Build.0 = Release|Any CPU
		{1C8ABE6A-D43D-4971-83B2-CA7C9CEAC10F}.ReleaseUnitTests|Any CPU.ActiveCfg = Release|Any CPU
		{1C8ABE6A-D43D-4971-83B2-CA7C9CEAC10F}.ReleaseUnitTests|Any CPU.Build.0 = Release|Any CPU
		{48500409-9A91-44A0-B11B-CF8575F3F780}.Debug|Any CPU.ActiveCfg = Debug|Any CPU
		{48500409-9A91-44A0-B11B-CF8575F3F780}.Debug|Any CPU.Build.0 = Debug|Any CPU
		{48500409-9A91-44A0-B11B-CF8575F3F780}.DebugLongRunningTests|Any CPU.ActiveCfg = Debug|Any CPU
		{48500409-9A91-44A0-B11B-CF8575F3F780}.DebugLongRunningTests|Any CPU.Build.0 = Debug|Any CPU
		{48500409-9A91-44A0-B11B-CF8575F3F780}.DebugUnitTests|Any CPU.ActiveCfg = Debug|Any CPU
		{48500409-9A91-44A0-B11B-CF8575F3F780}.DebugUnitTests|Any CPU.Build.0 = Debug|Any CPU
		{48500409-9A91-44A0-B11B-CF8575F3F780}.Release|Any CPU.ActiveCfg = Release|Any CPU
		{48500409-9A91-44A0-B11B-CF8575F3F780}.Release|Any CPU.Build.0 = Release|Any CPU
		{48500409-9A91-44A0-B11B-CF8575F3F780}.ReleaseFinal|Any CPU.ActiveCfg = Release|Any CPU
		{48500409-9A91-44A0-B11B-CF8575F3F780}.ReleaseFinal|Any CPU.Build.0 = Release|Any CPU
		{48500409-9A91-44A0-B11B-CF8575F3F780}.ReleaseUnitTests|Any CPU.ActiveCfg = Release|Any CPU
		{48500409-9A91-44A0-B11B-CF8575F3F780}.ReleaseUnitTests|Any CPU.Build.0 = Release|Any CPU
		{EA5A68DB-0F56-49B6-900D-586097FF6372}.Debug|Any CPU.ActiveCfg = Debug|Any CPU
		{EA5A68DB-0F56-49B6-900D-586097FF6372}.Debug|Any CPU.Build.0 = Debug|Any CPU
		{EA5A68DB-0F56-49B6-900D-586097FF6372}.DebugLongRunningTests|Any CPU.ActiveCfg = Debug|Any CPU
		{EA5A68DB-0F56-49B6-900D-586097FF6372}.DebugLongRunningTests|Any CPU.Build.0 = Debug|Any CPU
		{EA5A68DB-0F56-49B6-900D-586097FF6372}.DebugUnitTests|Any CPU.ActiveCfg = Debug|Any CPU
		{EA5A68DB-0F56-49B6-900D-586097FF6372}.DebugUnitTests|Any CPU.Build.0 = Debug|Any CPU
		{EA5A68DB-0F56-49B6-900D-586097FF6372}.Release|Any CPU.ActiveCfg = Release|Any CPU
		{EA5A68DB-0F56-49B6-900D-586097FF6372}.Release|Any CPU.Build.0 = Release|Any CPU
		{EA5A68DB-0F56-49B6-900D-586097FF6372}.ReleaseFinal|Any CPU.ActiveCfg = Release|Any CPU
		{EA5A68DB-0F56-49B6-900D-586097FF6372}.ReleaseFinal|Any CPU.Build.0 = Release|Any CPU
		{EA5A68DB-0F56-49B6-900D-586097FF6372}.ReleaseUnitTests|Any CPU.ActiveCfg = Release|Any CPU
		{EA5A68DB-0F56-49B6-900D-586097FF6372}.ReleaseUnitTests|Any CPU.Build.0 = Release|Any CPU
	EndGlobalSection
	GlobalSection(SolutionProperties) = preSolution
		HideSolutionNode = FALSE
	EndGlobalSection
EndGlobal
